
Microsoft Visual Studio Solution File, Format Version 12.00
# Visual Studio Version 16
VisualStudioVersion = 16.0.30320.27
MinimumVisualStudioVersion = 10.0.40219.1
Project("{9A19103F-16F7-4668-BE54-9A1E7A4F7556}") = "DynamicFluentApis.Core", "src\DynamicFluentApis.Core\DynamicFluentApis.Core.csproj", "{E11EF489-A315-4E00-B892-B00A7049F7D9}"
EndProject
Project("{FAE04EC0-301F-11D3-BF4B-00C04F79EFBC}") = "DynamicFluentApis", "src\DynamicFluentApis\DynamicFluentApis.csproj", "{007B64C0-4531-478C-A06D-07E7F76E9F06}"
EndProject
Project("{2150E333-8FDC-42A3-9474-1A3956D46DE8}") = "Solution Items", "Solution Items", "{0E70EEC1-0287-4E16-813A-3CFF38581193}"
	ProjectSection(SolutionItems) = preProject
		.gitignore = .gitignore
		LICENSE = LICENSE
		README.md = README.md
	EndProjectSection
EndProject
Project("{2150E333-8FDC-42A3-9474-1A3956D46DE8}") = "src", "src", "{46F4F8BE-FCF0-4333-B84D-F0D6980119CE}"
EndProject
Project("{9A19103F-16F7-4668-BE54-9A1E7A4F7556}") = "HumanResources", "src\Demo\HumanResources\HumanResources.csproj", "{63DEE300-FF2F-4CB6-A68F-6EAC8FF9215D}"
EndProject
Project("{2150E333-8FDC-42A3-9474-1A3956D46DE8}") = "Demo", "Demo", "{89653461-86BD-4C97-87F4-5F3766DABF64}"
EndProject
Project("{FAE04EC0-301F-11D3-BF4B-00C04F79EFBC}") = "HumanResources.Cli", "src\Demo\HumanResources.Cli\HumanResources.Cli.csproj", "{4DDEBBA9-71B1-4111-B709-E95986A3596A}"
EndProject
Project("{FAE04EC0-301F-11D3-BF4B-00C04F79EFBC}") = "FluentAssemblyGenerator", "src\FluentAssemblyGenerator\FluentAssemblyGenerator.csproj", "{CA4BF7D9-E1A8-450B-AE0C-5317037AD107}"
EndProject
Global
	GlobalSection(SolutionConfigurationPlatforms) = preSolution
		Debug|Any CPU = Debug|Any CPU
		Debug|x64 = Debug|x64
		Release|Any CPU = Release|Any CPU
		Release|x64 = Release|x64
	EndGlobalSection
	GlobalSection(ProjectConfigurationPlatforms) = postSolution
		{E11EF489-A315-4E00-B892-B00A7049F7D9}.Debug|Any CPU.ActiveCfg = Debug|Any CPU
		{E11EF489-A315-4E00-B892-B00A7049F7D9}.Debug|Any CPU.Build.0 = Debug|Any CPU
		{E11EF489-A315-4E00-B892-B00A7049F7D9}.Debug|x64.ActiveCfg = Debug|x64
		{E11EF489-A315-4E00-B892-B00A7049F7D9}.Debug|x64.Build.0 = Debug|x64
		{E11EF489-A315-4E00-B892-B00A7049F7D9}.Release|Any CPU.ActiveCfg = Release|Any CPU
		{E11EF489-A315-4E00-B892-B00A7049F7D9}.Release|Any CPU.Build.0 = Release|Any CPU
		{E11EF489-A315-4E00-B892-B00A7049F7D9}.Release|x64.ActiveCfg = Release|x64
		{E11EF489-A315-4E00-B892-B00A7049F7D9}.Release|x64.Build.0 = Release|x64
		{007B64C0-4531-478C-A06D-07E7F76E9F06}.Debug|Any CPU.ActiveCfg = Debug|Any CPU
		{007B64C0-4531-478C-A06D-07E7F76E9F06}.Debug|Any CPU.Build.0 = Debug|Any CPU
		{007B64C0-4531-478C-A06D-07E7F76E9F06}.Debug|x64.ActiveCfg = Debug|x64
		{007B64C0-4531-478C-A06D-07E7F76E9F06}.Debug|x64.Build.0 = Debug|x64
		{007B64C0-4531-478C-A06D-07E7F76E9F06}.Release|Any CPU.ActiveCfg = Release|Any CPU
		{007B64C0-4531-478C-A06D-07E7F76E9F06}.Release|Any CPU.Build.0 = Release|Any CPU
		{007B64C0-4531-478C-A06D-07E7F76E9F06}.Release|x64.ActiveCfg = Release|x64
		{007B64C0-4531-478C-A06D-07E7F76E9F06}.Release|x64.Build.0 = Release|x64
		{63DEE300-FF2F-4CB6-A68F-6EAC8FF9215D}.Debug|Any CPU.ActiveCfg = Debug|Any CPU
		{63DEE300-FF2F-4CB6-A68F-6EAC8FF9215D}.Debug|Any CPU.Build.0 = Debug|Any CPU
		{63DEE300-FF2F-4CB6-A68F-6EAC8FF9215D}.Debug|x64.ActiveCfg = Debug|Any CPU
		{63DEE300-FF2F-4CB6-A68F-6EAC8FF9215D}.Debug|x64.Build.0 = Debug|Any CPU
		{63DEE300-FF2F-4CB6-A68F-6EAC8FF9215D}.Release|Any CPU.ActiveCfg = Release|Any CPU
		{63DEE300-FF2F-4CB6-A68F-6EAC8FF9215D}.Release|Any CPU.Build.0 = Release|Any CPU
		{63DEE300-FF2F-4CB6-A68F-6EAC8FF9215D}.Release|x64.ActiveCfg = Release|Any CPU
		{63DEE300-FF2F-4CB6-A68F-6EAC8FF9215D}.Release|x64.Build.0 = Release|Any CPU
		{4DDEBBA9-71B1-4111-B709-E95986A3596A}.Debug|Any CPU.ActiveCfg = Debug|Any CPU
		{4DDEBBA9-71B1-4111-B709-E95986A3596A}.Debug|Any CPU.Build.0 = Debug|Any CPU
		{4DDEBBA9-71B1-4111-B709-E95986A3596A}.Debug|x64.ActiveCfg = Debug|Any CPU
		{4DDEBBA9-71B1-4111-B709-E95986A3596A}.Debug|x64.Build.0 = Debug|Any CPU
		{4DDEBBA9-71B1-4111-B709-E95986A3596A}.Release|Any CPU.ActiveCfg = Release|Any CPU
		{4DDEBBA9-71B1-4111-B709-E95986A3596A}.Release|Any CPU.Build.0 = Release|Any CPU
		{4DDEBBA9-71B1-4111-B709-E95986A3596A}.Release|x64.ActiveCfg = Release|Any CPU
		{4DDEBBA9-71B1-4111-B709-E95986A3596A}.Release|x64.Build.0 = Release|Any CPU
		{CA4BF7D9-E1A8-450B-AE0C-5317037AD107}.Debug|Any CPU.ActiveCfg = Debug|Any CPU
		{CA4BF7D9-E1A8-450B-AE0C-5317037AD107}.Debug|Any CPU.Build.0 = Debug|Any CPU
		{CA4BF7D9-E1A8-450B-AE0C-5317037AD107}.Debug|x64.ActiveCfg = Debug|Any CPU
		{CA4BF7D9-E1A8-450B-AE0C-5317037AD107}.Debug|x64.Build.0 = Debug|Any CPU
		{CA4BF7D9-E1A8-450B-AE0C-5317037AD107}.Release|Any CPU.ActiveCfg = Release|Any CPU
		{CA4BF7D9-E1A8-450B-AE0C-5317037AD107}.Release|Any CPU.Build.0 = Release|Any CPU
		{CA4BF7D9-E1A8-450B-AE0C-5317037AD107}.Release|x64.ActiveCfg = Release|Any CPU
		{CA4BF7D9-E1A8-450B-AE0C-5317037AD107}.Release|x64.Build.0 = Release|Any CPU
	EndGlobalSection
	GlobalSection(SolutionProperties) = preSolution
		HideSolutionNode = FALSE
	EndGlobalSection
	GlobalSection(NestedProjects) = preSolution
		{E11EF489-A315-4E00-B892-B00A7049F7D9} = {46F4F8BE-FCF0-4333-B84D-F0D6980119CE}
		{007B64C0-4531-478C-A06D-07E7F76E9F06} = {46F4F8BE-FCF0-4333-B84D-F0D6980119CE}
		{63DEE300-FF2F-4CB6-A68F-6EAC8FF9215D} = {89653461-86BD-4C97-87F4-5F3766DABF64}
		{89653461-86BD-4C97-87F4-5F3766DABF64} = {46F4F8BE-FCF0-4333-B84D-F0D6980119CE}
		{4DDEBBA9-71B1-4111-B709-E95986A3596A} = {89653461-86BD-4C97-87F4-5F3766DABF64}
		{CA4BF7D9-E1A8-450B-AE0C-5317037AD107} = {46F4F8BE-FCF0-4333-B84D-F0D6980119CE}
	EndGlobalSection
	GlobalSection(ExtensibilityGlobals) = postSolution
		SolutionGuid = {C189A8CC-F9C0-43EA-A3C1-E1641291862A}
	EndGlobalSection
EndGlobal
